{
  "lockfileVersion": 1,
  "configVersion": 0,
  "workspaces": {
    "": {
      "dependencies": {
        "vega": "^5.30.0",
        "vega-canvas": "^1.2.7",
        "vega-lite": "^5.20.1",
      },
    },
  },
  "packages": {
    "@types/estree": ["@types/estree@1.0.7", "", {}, "sha512-w28IoSUCJpidD/TGviZwwMJckNESJZXFu7NBZ5YJ4mEUnNraUn9Pm8HSZm/jDF1pDWYKspWE7oVphigUPRakIQ=="],

    "@types/geojson": ["@types/geojson@7946.0.4", "", {}, "sha512-MHmwBtCb7OCv1DSivz2UNJXPGU/1btAWRKlqJ2saEhVJkpkvqHMMaOpKg0v4sAbDWSQekHGvPVMM8nQ+Jen03Q=="],

    "ansi-regex": ["ansi-regex@5.0.1", "", {}, "sha512-quJQXlTSUGL2LH9SUXo8VwsY4soanhgo6LNSm84E1LBcE8s3O0wpdiRzyR9z/ZZJMlMWv37qOOb9pdJlMUEKFQ=="],

    "ansi-styles": ["ansi-styles@4.3.0", "", { "dependencies": { "color-convert": "^2.0.1" } }, "sha512-zbB9rCJAT1rbjiVDb2hqKFHNYLxgtk8NURxZ3IZwD3F6NtxbXZQCnnSi1Lkx+IDohdPlFp222wVALIheZJQSEg=="],

    "cliui": ["cliui@8.0.1", "", { "dependencies": { "string-width": "^4.2.0", "strip-ansi": "^6.0.1", "wrap-ansi": "^7.0.0" } }, "sha512-BSeNnyus75C4//NQ9gQt1/csTXyo/8Sb+afLAkzAptFuMsod9HFokGNudZpi/oQV73hnVK+sR+5PVRMd+Dr7YQ=="],

    "color-convert": ["color-convert@2.0.1", "", { "dependencies": { "color-name": "~1.1.4" } }, "sha512-RRECPsj7iu/xb5oKYcsFHSppFNnsj/52OVTRKb4zP5onXwVF3zVmmToNcOfGC+CRDpfK/U584fMg38ZHCaElKQ=="],

    "color-name": ["color-name@1.1.4", "", {}, "sha512-dOy+3AuW3a2wNbZHIuMZpTcgjGuLU/uBL/ubcZF9OXbDo8ff4O8yVp5Bf0efS8uEoYo5q4Fx7dY9OgQGXgAsQA=="],

    "commander": ["commander@7.2.0", "", {}, "sha512-QrWXB+ZQSVPmIWIhtEO9H+gwHaMGYiF5ChvoJ+K9ZGHG/sVsa6yiesAD1GC/x46sET00Xlwo1u49RVVVzvcSkw=="],

    "d3-array": ["d3-array@3.2.4", "", { "dependencies": { "internmap": "1 - 2" } }, "sha512-tdQAmyA18i4J7wprpYq8ClcxZy3SC31QMeByyCFyRt7BVHdREQZ5lpzoe5mFEYZUWe+oq8HBvk9JjpibyEV4Jg=="],

    "d3-color": ["d3-color@3.1.0", "", {}, "sha512-zg/chbXyeBtMQ1LbD/WSoW2DpC3I0mpmPdW+ynRTj/x2DAWYrIY7qeZIHidozwV24m4iavr15lNwIwLxRmOxhA=="],

    "d3-delaunay": ["d3-delaunay@6.0.4", "", { "dependencies": { "delaunator": "5" } }, "sha512-mdjtIZ1XLAM8bm/hx3WwjfHt6Sggek7qH043O8KEjDXN40xi3vx/6pYSVTwLjEgiXQTbvaouWKynLBiUZ6SK6A=="],

    "d3-dispatch": ["d3-dispatch@3.0.1", "", {}, "sha512-rzUyPU/S7rwUflMyLc1ETDeBj0NRuHKKAcvukozwhshr6g6c5d8zh4c2gQjY2bZ0dXeGLWc1PF174P2tVvKhfg=="],

    "d3-dsv": ["d3-dsv@3.0.1", "", { "dependencies": { "commander": "7", "iconv-lite": "0.6", "rw": "1" }, "bin": { "csv2json": "bin/dsv2json.js", "csv2tsv": "bin/dsv2dsv.js", "dsv2dsv": "bin/dsv2dsv.js", "dsv2json": "bin/dsv2json.js", "json2csv": "bin/json2dsv.js", "json2dsv": "bin/json2dsv.js", "json2tsv": "bin/json2dsv.js", "tsv2csv": "bin/dsv2dsv.js", "tsv2json": "bin/dsv2json.js" } }, "sha512-UG6OvdI5afDIFP9w4G0mNq50dSOsXHJaRE8arAS5o9ApWnIElp8GZw1Dun8vP8OyHOZ/QJUKUJwxiiCCnUwm+Q=="],

    "d3-force": ["d3-force@3.0.0", "", { "dependencies": { "d3-dispatch": "1 - 3", "d3-quadtree": "1 - 3", "d3-timer": "1 - 3" } }, "sha512-zxV/SsA+U4yte8051P4ECydjD/S+qeYtnaIyAs9tgHCqfguma/aAQDjo85A9Z6EKhBirHRJHXIgJUlffT4wdLg=="],

    "d3-format": ["d3-format@3.1.0", "", {}, "sha512-YyUI6AEuY/Wpt8KWLgZHsIU86atmikuoOmCfommt0LYHiQSPjvX2AcFc38PX0CBpr2RCyZhjex+NS/LPOv6YqA=="],

    "d3-geo": ["d3-geo@3.1.1", "", { "dependencies": { "d3-array": "2.5.0 - 3" } }, "sha512-637ln3gXKXOwhalDzinUgY83KzNWZRKbYubaG+fGVuc/dxO64RRljtCTnf5ecMyE1RIdtqpkVcq0IbtU2S8j2Q=="],

    "d3-geo-projection": ["d3-geo-projection@4.0.0", "", { "dependencies": { "commander": "7", "d3-array": "1 - 3", "d3-geo": "1.12.0 - 3" }, "bin": { "geo2svg": "bin/geo2svg.js", "geograticule": "bin/geograticule.js", "geoproject": "bin/geoproject.js", "geoquantize": "bin/geoquantize.js", "geostitch": "bin/geostitch.js" } }, "sha512-p0bK60CEzph1iqmnxut7d/1kyTmm3UWtPlwdkM31AU+LW+BXazd5zJdoCn7VFxNCHXRngPHRnsNn5uGjLRGndg=="],

    "d3-hierarchy": ["d3-hierarchy@3.1.2", "", {}, "sha512-FX/9frcub54beBdugHjDCdikxThEqjnR93Qt7PvQTOHxyiNCAlvMrHhclk3cD5VeAaq9fxmfRp+CnWw9rEMBuA=="],

    "d3-interpolate": ["d3-interpolate@3.0.1", "", { "dependencies": { "d3-color": "1 - 3" } }, "sha512-3bYs1rOD33uo8aqJfKP3JWPAibgw8Zm2+L9vBKEHJ2Rg+viTR7o5Mmv5mZcieN+FRYaAOWX5SJATX6k1PWz72g=="],

    "d3-path": ["d3-path@3.1.0", "", {}, "sha512-p3KP5HCf/bvjBSSKuXid6Zqijx7wIfNW+J/maPs+iwR35at5JCbLUT0LzF1cnjbCHWhqzQTIN2Jpe8pRebIEFQ=="],

    "d3-quadtree": ["d3-quadtree@3.0.1", "", {}, "sha512-04xDrxQTDTCFwP5H6hRhsRcb9xxv2RzkcsygFzmkSIOJy3PeRJP7sNk3VRIbKXcog561P9oU0/rVH6vDROAgUw=="],

    "d3-scale": ["d3-scale@4.0.2", "", { "dependencies": { "d3-array": "2.10.0 - 3", "d3-format": "1 - 3", "d3-interpolate": "1.2.0 - 3", "d3-time": "2.1.1 - 3", "d3-time-format": "2 - 4" } }, "sha512-GZW464g1SH7ag3Y7hXjf8RoUuAFIqklOAq3MRl4OaWabTFJY9PN/E1YklhXLh+OQ3fM9yS2nOkCoS+WLZ6kvxQ=="],

    "d3-scale-chromatic": ["d3-scale-chromatic@3.1.0", "", { "dependencies": { "d3-color": "1 - 3", "d3-interpolate": "1 - 3" } }, "sha512-A3s5PWiZ9YCXFye1o246KoscMWqf8BsD9eRiJ3He7C9OBaxKhAd5TFCdEx/7VbKtxxTsu//1mMJFrEt572cEyQ=="],

    "d3-shape": ["d3-shape@3.2.0", "", { "dependencies": { "d3-path": "^3.1.0" } }, "sha512-SaLBuwGm3MOViRq2ABk3eLoxwZELpH6zhl3FbAoJ7Vm1gofKx6El1Ib5z23NUEhF9AsGl7y+dzLe5Cw2AArGTA=="],

    "d3-time": ["d3-time@3.1.0", "", { "dependencies": { "d3-array": "2 - 3" } }, "sha512-VqKjzBLejbSMT4IgbmVgDjpkYrNWUYJnbCGo874u7MMKIWsILRX+OpX/gTk8MqjpT1A/c6HY2dCA77ZN0lkQ2Q=="],

    "d3-time-format": ["d3-time-format@4.1.0", "", { "dependencies": { "d3-time": "1 - 3" } }, "sha512-dJxPBlzC7NugB2PDLwo9Q8JiTR3M3e4/XANkreKSUxF8vvXKqm1Yfq4Q5dl8budlunRVlUUaDUgFt7eA8D6NLg=="],

    "d3-timer": ["d3-timer@3.0.1", "", {}, "sha512-ndfJ/JxxMd3nw31uyKoY2naivF+r29V+Lc0svZxe1JvvIRmi8hUsrMvdOwgS1o6uBHmiz91geQ0ylPP0aj1VUA=="],

    "delaunator": ["delaunator@5.0.1", "", { "dependencies": { "robust-predicates": "^3.0.2" } }, "sha512-8nvh+XBe96aCESrGOqMp/84b13H9cdKbG5P2ejQCh4d4sK9RL4371qou9drQjMhvnPmhWl5hnmqbEE0fXr9Xnw=="],

    "emoji-regex": ["emoji-regex@8.0.0", "", {}, "sha512-MSjYzcWNOA0ewAHpz0MxpYFvwg6yjy1NG3xteoqz644VCo/RPgnr1/GGt+ic3iJTzQ8Eu3TdM14SawnVUmGE6A=="],

    "escalade": ["escalade@3.2.0", "", {}, "sha512-WUj2qlxaQtO4g6Pq5c29GTcWGDyd8itL8zTlipgECz3JesAiiOKotd8JU6otB3PACgG6xkJUyVhboMS+bje/jA=="],

    "get-caller-file": ["get-caller-file@2.0.5", "", {}, "sha512-DyFP3BM/3YHTQOCUL/w0OZHR0lpKeGrxotcHWcqNEdnltqFwXVfhEBQ94eIo34AfQpo0rGki4cyIiftY06h2Fg=="],

    "iconv-lite": ["iconv-lite@0.6.3", "", { "dependencies": { "safer-buffer": ">= 2.1.2 < 3.0.0" } }, "sha512-4fCk79wshMdzMp2rH06qWrJE4iolqLhCUH+OiuIgU++RB0+94NlDL81atO7GX55uUKueo0txHNtvEyI6D7WdMw=="],

    "internmap": ["internmap@2.0.3", "", {}, "sha512-5Hh7Y1wQbvY5ooGgPbDaL5iYLAPzMTUrjMulskHLH6wnv/A+1q5rgEaiuqEjB+oxGXIVZs1FF+R/KPN3ZSQYYg=="],

    "is-fullwidth-code-point": ["is-fullwidth-code-point@3.0.0", "", {}, "sha512-zymm5+u+sCsSWyD9qNaejV3DFvhCKclKdizYaJUuHA83RLjb7nSuGnddCHGv0hk+KY7BMAlsWeK4Ueg6EV6XQg=="],

    "json-stringify-pretty-compact": ["json-stringify-pretty-compact@4.0.0", "", {}, "sha512-3CNZ2DnrpByG9Nqj6Xo8vqbjT4F6N+tb4Gb28ESAZjYZ5yqvmc56J+/kuIwkaAMOyblTQhUW7PxMkUb8Q36N3Q=="],

    "node-fetch": ["node-fetch@2.7.0", "", { "dependencies": { "whatwg-url": "^5.0.0" }, "peerDependencies": { "encoding": "^0.1.0" }, "optionalPeers": ["encoding"] }, "sha512-c4FRfUm/dbcWZ7U+1Wq0AwCyFL+3nt2bEw05wfxSz+DWpWsitgmSgYmy2dQdWyKC1694ELPqMs/YzUSNozLt8A=="],

    "require-directory": ["require-directory@2.1.1", "", {}, "sha512-fGxEI7+wsG9xrvdjsrlmL22OMTTiHRwAMroiEeMgq8gzoLC/PQr7RsRDSTLUg/bZAZtF+TVIkHc6/4RIKrui+Q=="],

    "robust-predicates": ["robust-predicates@3.0.2", "", {}, "sha512-IXgzBWvWQwE6PrDI05OvmXUIruQTcoMDzRsOd5CDvHCVLcLHMTSYvOK5Cm46kWqlV3yAbuSpBZdJ5oP5OUoStg=="],

    "rw": ["rw@1.3.3", "", {}, "sha512-PdhdWy89SiZogBLaw42zdeqtRJ//zFd2PgQavcICDUgJT5oW10QCRKbJ6bg4r0/UY2M6BWd5tkxuGFRvCkgfHQ=="],

    "safer-buffer": ["safer-buffer@2.1.2", "", {}, "sha512-YZo3K82SD7Riyi0E1EQPojLz7kpepnSQI9IyPbHHg1XXXevb5dJI7tpyN2ADxGcQbHG7vcyRHk0cbwqcQriUtg=="],

    "string-width": ["string-width@4.2.3", "", { "dependencies": { "emoji-regex": "^8.0.0", "is-fullwidth-code-point": "^3.0.0", "strip-ansi": "^6.0.1" } }, "sha512-wKyQRQpjJ0sIp62ErSZdGsjMJWsap5oRNihHhu6G7JVO/9jIB6UyevL+tXuOqrng8j/cxKTWyWUwvSTriiZz/g=="],

    "strip-ansi": ["strip-ansi@6.0.1", "", { "dependencies": { "ansi-regex": "^5.0.1" } }, "sha512-Y38VPSHcqkFrCpFnQ9vuSXmquuv5oXOKpGeT6aGrr3o3Gc9AlVa6JBfUSOCnbxGGZF+/0ooI7KrPuUSztUdU5A=="],

    "topojson-client": ["topojson-client@3.1.0", "", { "dependencies": { "commander": "2" }, "bin": { "topo2geo": "bin/topo2geo", "topomerge": "bin/topomerge", "topoquantize": "bin/topoquantize" } }, "sha512-605uxS6bcYxGXw9qi62XyrV6Q3xwbndjachmNxu8HWTtVPxZfEJN9fd/SZS1Q54Sn2y0TMyMxFj/cJINqGHrKw=="],

    "tr46": ["tr46@0.0.3", "", {}, "sha512-N3WMsuqV66lT30CrXNbEjx4GEwlow3v6rr4mCcv6prnfwhS01rkgyFdjPNBYd9br7LpXV1+Emh01fHnq2Gdgrw=="],

    "tslib": ["tslib@2.8.1", "", {}, "sha512-oJFu94HQb+KVduSUQL7wnpmqnfmLsOA/nAh6b6EH0wCEoK0/mPeXU6c3wKDV83MkOuHPRHtSXKKU99IBazS/2w=="],

    "vega": ["vega@5.33.0", "", { "dependencies": { "vega-crossfilter": "~4.1.3", "vega-dataflow": "~5.7.7", "vega-encode": "~4.10.2", "vega-event-selector": "~3.0.1", "vega-expression": "~5.2.0", "vega-force": "~4.2.2", "vega-format": "~1.1.3", "vega-functions": "~5.18.0", "vega-geo": "~4.4.3", "vega-hierarchy": "~4.1.3", "vega-label": "~1.3.1", "vega-loader": "~4.5.3", "vega-parser": "~6.6.0", "vega-projection": "~1.6.2", "vega-regression": "~1.3.1", "vega-runtime": "~6.2.1", "vega-scale": "~7.4.2", "vega-scenegraph": "~4.13.1", "vega-statistics": "~1.9.0", "vega-time": "~2.1.3", "vega-transforms": "~4.12.1", "vega-typings": "~1.5.0", "vega-util": "~1.17.2", "vega-view": "~5.16.0", "vega-view-transforms": "~4.6.1", "vega-voronoi": "~4.2.4", "vega-wordcloud": "~4.1.6" } }, "sha512-jNAGa7TxLojOpMMMrKMXXBos4K6AaLJbCgGDOw1YEkLRjUkh12pcf65J2lMSdEHjcEK47XXjKiOUVZ8L+MniBA=="],

    "vega-canvas": ["vega-canvas@1.2.7", "", {}, "sha512-OkJ9CACVcN9R5Pi9uF6MZBF06pO6qFpDYHWSKBJsdHP5o724KrsgR6UvbnXFH82FdsiTOff/HqjuaG8C7FL+9Q=="],

    "vega-crossfilter": ["vega-crossfilter@4.1.3", "", { "dependencies": { "d3-array": "^3.2.2", "vega-dataflow": "^5.7.7", "vega-util": "^1.17.3" } }, "sha512-nyPJAXAUABc3EocUXvAL1J/IWotZVsApIcvOeZaUdEQEtZ7bt8VtP2nj3CLbHBA8FZZVV+K6SmdwvCOaAD4wFQ=="],

    "vega-dataflow": ["vega-dataflow@5.7.7", "", { "dependencies": { "vega-format": "^1.1.3", "vega-loader": "^4.5.3", "vega-util": "^1.17.3" } }, "sha512-R2NX2HvgXL+u4E6u+L5lKvvRiCtnE6N6l+umgojfi53suhhkFP+zB+2UAQo4syxuZ4763H1csfkKc4xpqLzKnw=="],

    "vega-encode": ["vega-encode@4.10.2", "", { "dependencies": { "d3-array": "^3.2.2", "d3-interpolate": "^3.0.1", "vega-dataflow": "^5.7.7", "vega-scale": "^7.4.2", "vega-util": "^1.17.3" } }, "sha512-fsjEY1VaBAmqwt7Jlpz0dpPtfQFiBdP9igEefvumSpy7XUxOJmDQcRDnT3Qh9ctkv3itfPfI9g8FSnGcv2b4jQ=="],

    "vega-event-selector": ["vega-event-selector@3.0.1", "", {}, "sha512-K5zd7s5tjr1LiOOkjGpcVls8GsH/f2CWCrWcpKy74gTCp+llCdwz0Enqo013ZlGaRNjfgD/o1caJRt3GSaec4A=="],

    "vega-expression": ["vega-expression@5.2.0", "", { "dependencies": { "@types/estree": "^1.0.0", "vega-util": "^1.17.3" } }, "sha512-WRMa4ny3iZIVAzDlBh3ipY2QUuLk2hnJJbfbncPgvTF7BUgbIbKq947z+JicWksYbokl8n1JHXJoqi3XvpG0Zw=="],

    "vega-force": ["vega-force@4.2.2", "", { "dependencies": { "d3-force": "^3.0.0", "vega-dataflow": "^5.7.7", "vega-util": "^1.17.3" } }, "sha512-cHZVaY2VNNIG2RyihhSiWniPd2W9R9kJq0znxzV602CgUVgxEfTKtx/lxnVCn8nNrdKAYrGiqIsBzIeKG1GWHw=="],

    "vega-format": ["vega-format@1.1.3", "", { "dependencies": { "d3-array": "^3.2.2", "d3-format": "^3.1.0", "d3-time-format": "^4.1.0", "vega-time": "^2.1.3", "vega-util": "^1.17.3" } }, "sha512-wQhw7KR46wKJAip28FF/CicW+oiJaPAwMKdrxlnTA0Nv8Bf7bloRlc+O3kON4b4H1iALLr9KgRcYTOeXNs2MOA=="],

    "vega-functions": ["vega-functions@5.18.0", "", { "dependencies": { "d3-array": "^3.2.2", "d3-color": "^3.1.0", "d3-geo": "^3.1.0", "vega-dataflow": "^5.7.7", "vega-expression": "^5.2.0", "vega-scale": "^7.4.2", "vega-scenegraph": "^4.13.1", "vega-selections": "^5.6.0", "vega-statistics": "^1.9.0", "vega-time": "^2.1.3", "vega-util": "^1.17.3" } }, "sha512-+D+ey4bDAhZA2CChh7bRZrcqRUDevv05kd2z8xH+il7PbYQLrhi6g1zwvf8z3KpgGInFf5O13WuFK5DQGkz5lQ=="],

    "vega-geo": ["vega-geo@4.4.3", "", { "dependencies": { "d3-array": "^3.2.2", "d3-color": "^3.1.0", "d3-geo": "^3.1.0", "vega-canvas": "^1.2.7", "vega-dataflow": "^5.7.7", "vega-projection": "^1.6.2", "vega-statistics": "^1.9.0", "vega-util": "^1.17.3" } }, "sha512-+WnnzEPKIU1/xTFUK3EMu2htN35gp9usNZcC0ZFg2up1/Vqu6JyZsX0PIO51oXSIeXn9bwk6VgzlOmJUcx92tA=="],

    "vega-hierarchy": ["vega-hierarchy@4.1.3", "", { "dependencies": { "d3-hierarchy": "^3.1.2", "vega-dataflow": "^5.7.7", "vega-util": "^1.17.3" } }, "sha512-0Z+TYKRgOEo8XYXnJc2HWg1EGpcbNAhJ9Wpi9ubIbEyEHqIgjCIyFVN8d4nSfsJOcWDzsSmRqohBztxAhOCSaw=="],

    "vega-label": ["vega-label@1.3.1", "", { "dependencies": { "vega-canvas": "^1.2.7", "vega-dataflow": "^5.7.7", "vega-scenegraph": "^4.13.1", "vega-util": "^1.17.3" } }, "sha512-Emx4b5s7pvuRj3fBkAJ/E2snCoZACfKAwxVId7f/4kYVlAYLb5Swq6W8KZHrH4M9Qds1XJRUYW9/Y3cceqzEFA=="],

    "vega-lite": ["vega-lite@5.23.0", "", { "dependencies": { "json-stringify-pretty-compact": "~4.0.0", "tslib": "~2.8.1", "vega-event-selector": "~3.0.1", "vega-expression": "~5.1.1", "vega-util": "~1.17.2", "yargs": "~17.7.2" }, "peerDependencies": { "vega": "^5.24.0" }, "bin": { "vl2vg": "bin/vl2vg", "vl2pdf": "bin/vl2pdf", "vl2png": "bin/vl2png", "vl2svg": "bin/vl2svg" } }, "sha512-l4J6+AWE3DIjvovEoHl2LdtCUkfm4zs8Xxx7INwZEAv+XVb6kR6vIN1gt3t2gN2gs/y4DYTs/RPoTeYAuEg6mA=="],

    "vega-loader": ["vega-loader@4.5.3", "", { "dependencies": { "d3-dsv": "^3.0.1", "node-fetch": "^2.6.7", "topojson-client": "^3.1.0", "vega-format": "^1.1.3", "vega-util": "^1.17.3" } }, "sha512-dUfIpxTLF2magoMaur+jXGvwMxjtdlDZaIS8lFj6N7IhUST6nIvBzuUlRM+zLYepI5GHtCLOnqdKU4XV0NggCA=="],

    "vega-parser": ["vega-parser@6.6.0", "", { "dependencies": { "vega-dataflow": "^5.7.7", "vega-event-selector": "^3.0.1", "vega-functions": "^5.18.0", "vega-scale": "^7.4.2", "vega-util": "^1.17.3" } }, "sha512-jltyrwCTtWeidi/6VotLCybhIl+ehwnzvFWYOdWNUP0z/EskdB64YmawNwjCjzTBMemeiQtY6sJPPbewYqe3Vg=="],

    "vega-projection": ["vega-projection@1.6.2", "", { "dependencies": { "d3-geo": "^3.1.0", "d3-geo-projection": "^4.0.0", "vega-scale": "^7.4.2" } }, "sha512-3pcVaQL9R3Zfk6PzopLX6awzrQUeYOXJzlfLGP2Xd93mqUepBa6m/reVrTUoSFXA3v9lfK4W/PS2AcVzD/MIcQ=="],

    "vega-regression": ["vega-regression@1.3.1", "", { "dependencies": { "d3-array": "^3.2.2", "vega-dataflow": "^5.7.7", "vega-statistics": "^1.9.0", "vega-util": "^1.17.3" } }, "sha512-AmccF++Z9uw4HNZC/gmkQGe6JsRxTG/R4QpbcSepyMvQN1Rj5KtVqMcmVFP1r3ivM4dYGFuPlzMWvuqp0iKMkQ=="],

    "vega-runtime": ["vega-runtime@6.2.1", "", { "dependencies": { "vega-dataflow": "^5.7.7", "vega-util": "^1.17.3" } }, "sha512-b4eot3tWKCk++INWqot+6sLn3wDTj/HE+tRSbiaf8aecuniPMlwJEK7wWuhVGeW2Ae5n8fI/8TeTViaC94bNHA=="],

    "vega-scale": ["vega-scale@7.4.2", "", { "dependencies": { "d3-array": "^3.2.2", "d3-interpolate": "^3.0.1", "d3-scale": "^4.0.2", "d3-scale-chromatic": "^3.1.0", "vega-time": "^2.1.3", "vega-util": "^1.17.3" } }, "sha512-o6Hl76aU1jlCK7Q8DPYZ8OGsp4PtzLdzI6nGpLt8rxoE78QuB3GBGEwGAQJitp4IF7Lb2rL5oAXEl3ZP6xf9jg=="],

    "vega-scenegraph": ["vega-scenegraph@4.13.1", "", { "dependencies": { "d3-path": "^3.1.0", "d3-shape": "^3.2.0", "vega-canvas": "^1.2.7", "vega-loader": "^4.5.3", "vega-scale": "^7.4.2", "vega-util": "^1.17.3" } }, "sha512-LFY9+sLIxRfdDI9ZTKjLoijMkIAzPLBWHpPkwv4NPYgdyx+0qFmv+puBpAUGUY9VZqAZ736Uj5NJY9zw+/M3yQ=="],

    "vega-selections": ["vega-selections@5.6.0", "", { "dependencies": { "d3-array": "3.2.4", "vega-expression": "^5.2.0", "vega-util": "^1.17.3" } }, "sha512-UE2w78rUUbaV3Ph+vQbQDwh8eywIJYRxBiZdxEG/Tr/KtFMLdy2BDgNZuuDO1Nv8jImPJwONmqjNhNDYwM0VJQ=="],

    "vega-statistics": ["vega-statistics@1.9.0", "", { "dependencies": { "d3-array": "^3.2.2" } }, "sha512-GAqS7mkatpXcMCQKWtFu1eMUKLUymjInU0O8kXshWaQrVWjPIO2lllZ1VNhdgE0qGj4oOIRRS11kzuijLshGXQ=="],

    "vega-time": ["vega-time@2.1.3", "", { "dependencies": { "d3-array": "^3.2.2", "d3-time": "^3.1.0", "vega-util": "^1.17.3" } }, "sha512-hFcWPdTV844IiY0m97+WUoMLADCp+8yUQR1NStWhzBzwDDA7QEGGwYGxALhdMOaDTwkyoNj3V/nox2rQAJD/vQ=="],

    "vega-transforms": ["vega-transforms@4.12.1", "", { "dependencies": { "d3-array": "^3.2.2", "vega-dataflow": "^5.7.7", "vega-statistics": "^1.9.0", "vega-time": "^2.1.3", "vega-util": "^1.17.3" } }, "sha512-Qxo+xeEEftY1jYyKgzOGc9NuW4/MqGm1YPZ5WrL9eXg2G0410Ne+xL/MFIjHF4hRX+3mgFF4Io2hPpfy/thjLg=="],

    "vega-typings": ["vega-typings@1.5.0", "", { "dependencies": { "@types/geojson": "7946.0.4", "vega-event-selector": "^3.0.1", "vega-expression": "^5.2.0", "vega-util": "^1.17.3" } }, "sha512-tcZ2HwmiQEOXIGyBMP8sdCnoFoVqHn4KQ4H0MQiHwzFU1hb1EXURhfc+Uamthewk4h/9BICtAM3AFQMjBGpjQA=="],

    "vega-util": ["vega-util@1.17.3", "", {}, "sha512-nSNpZLUrRvFo46M5OK4O6x6f08WD1yOcEzHNlqivF+sDLSsVpstaF6fdJYwrbf/debFi2L9Tkp4gZQtssup9iQ=="],

    "vega-view": ["vega-view@5.16.0", "", { "dependencies": { "d3-array": "^3.2.2", "d3-timer": "^3.0.1", "vega-dataflow": "^5.7.7", "vega-format": "^1.1.3", "vega-functions": "^5.18.0", "vega-runtime": "^6.2.1", "vega-scenegraph": "^4.13.1", "vega-util": "^1.17.3" } }, "sha512-Nxp1MEAY+8bphIm+7BeGFzWPoJnX9+hgvze6wqCAPoM69YiyVR0o0VK8M2EESIL+22+Owr0Fdy94hWHnmon5tQ=="],

    "vega-view-transforms": ["vega-view-transforms@4.6.1", "", { "dependencies": { "vega-dataflow": "^5.7.7", "vega-scenegraph": "^4.13.1", "vega-util": "^1.17.3" } }, "sha512-RYlyMJu5kZV4XXjmyTQKADJWDB25SMHsiF+B1rbE1p+pmdQPlp5tGdPl9r5dUJOp3p8mSt/NGI8GPGucmPMxtw=="],

    "vega-voronoi": ["vega-voronoi@4.2.4", "", { "dependencies": { "d3-delaunay": "^6.0.2", "vega-dataflow": "^5.7.7", "vega-util": "^1.17.3" } }, "sha512-lWNimgJAXGeRFu2Pz8axOUqVf1moYhD+5yhBzDSmckE9I5jLOyZc/XvgFTXwFnsVkMd1QW1vxJa+y9yfUblzYw=="],

    "vega-wordcloud": ["vega-wordcloud@4.1.6", "", { "dependencies": { "vega-canvas": "^1.2.7", "vega-dataflow": "^5.7.7", "vega-scale": "^7.4.2", "vega-statistics": "^1.9.0", "vega-util": "^1.17.3" } }, "sha512-lFmF3u9/ozU0P+WqPjeThQfZm0PigdbXDwpIUCxczrCXKYJLYFmZuZLZR7cxtmpZ0/yuvRvAJ4g123LXbSZF8A=="],

    "webidl-conversions": ["webidl-conversions@3.0.1", "", {}, "sha512-2JAn3z8AR6rjK8Sm8orRC0h/bcl/DqL7tRPdGZ4I1CjdF+EaMLmYxBHyXuKL849eucPFhvBoxMsflfOb8kxaeQ=="],

    "whatwg-url": ["whatwg-url@5.0.0", "", { "dependencies": { "tr46": "~0.0.3", "webidl-conversions": "^3.0.0" } }, "sha512-saE57nupxk6v3HY35+jzBwYa0rKSy0XR8JSxZPwgLr7ys0IBzhGviA1/TUGJLmSVqs8pb9AnvICXEuOHLprYTw=="],

    "wrap-ansi": ["wrap-ansi@7.0.0", "", { "dependencies": { "ansi-styles": "^4.0.0", "string-width": "^4.1.0", "strip-ansi": "^6.0.0" } }, "sha512-YVGIj2kamLSTxw6NsZjoBxfSwsn0ycdesmc4p+Q21c5zPuZ1pl+NfxVdxPtdHvmNVOQ6XSYG4AUtyt/Fi7D16Q=="],

    "y18n": ["y18n@5.0.8", "", {}, "sha512-0pfFzegeDWJHJIAmTLRP2DwHjdF5s7jo9tuztdQxAhINCdvS+3nGINqPd00AphqJR/0LhANUS6/+7SCb98YOfA=="],

    "yargs": ["yargs@17.7.2", "", { "dependencies": { "cliui": "^8.0.1", "escalade": "^3.1.1", "get-caller-file": "^2.0.5", "require-directory": "^2.1.1", "string-width": "^4.2.3", "y18n": "^5.0.5", "yargs-parser": "^21.1.1" } }, "sha512-7dSzzRQ++CKnNI/krKnYRV7JKKPUXMEh61soaHKg9mrWEhzFWhFnxPxGl+69cD1Ou63C13NUPCnmIcrvqCuM6w=="],

    "yargs-parser": ["yargs-parser@21.1.1", "", {}, "sha512-tVpsJW7DdjecAiFpbIB1e3qxIQsE6NoPc5/eTdrbbIC4h0LVsWhnoa3g+m2HclBIujHzsxZ4VJVA+GUuc2/LBw=="],

    "topojson-client/commander": ["commander@2.20.3", "", {}, "sha512-GpVkmM8vF2vQUkj2LvZmD35JxeJOLCwJ9cUkugyk2nuhbv3+mJvpLYYt+0+USMxE+oj+ey/lJEnhZw75x/OMcQ=="],

    "vega-lite/vega-expression": ["vega-expression@5.1.2", "", { "dependencies": { "@types/estree": "^1.0.0", "vega-util": "^1.17.3" } }, "sha512-fFeDTh4UtOxlZWL54jf1ZqJHinyerWq/ROiqrQxqLkNJRJ86RmxYTgXwt65UoZ/l4VUv9eAd2qoJeDEf610Umw=="],
  }
}
